// !$*UTF8*$!
{
	archiveVersion = 1;
	classes = {
	};
	objectVersion = 46;
	objects = {

/* Begin PBXBuildFile section */
		7B695B040EBB5AD81B383E4D /* Pods_iOSTodoApp.framework in Frameworks */ = {isa = PBXBuildFile; fileRef = E16D8C49605DE803EFB795A8 /* Pods_iOSTodoApp.framework */; };
		FAA883D11E3CE4890091C496 /* AppDelegate.swift in Sources */ = {isa = PBXBuildFile; fileRef = FAA883D01E3CE4890091C496 /* AppDelegate.swift */; };
		FAA883D31E3CE4890091C496 /* TodosController.swift in Sources */ = {isa = PBXBuildFile; fileRef = FAA883D21E3CE4890091C496 /* TodosController.swift */; };
		FAA883D61E3CE4890091C496 /* Main.storyboard in Resources */ = {isa = PBXBuildFile; fileRef = FAA883D41E3CE4890091C496 /* Main.storyboard */; };
		FAA883D81E3CE4890091C496 /* Assets.xcassets in Resources */ = {isa = PBXBuildFile; fileRef = FAA883D71E3CE4890091C496 /* Assets.xcassets */; };
		FAA883DB1E3CE4890091C496 /* LaunchScreen.storyboard in Resources */ = {isa = PBXBuildFile; fileRef = FAA883D91E3CE4890091C496 /* LaunchScreen.storyboard */; };
		FAA883E61E3CE4890091C496 /* iOSTodoAppTests.swift in Sources */ = {isa = PBXBuildFile; fileRef = FAA883E51E3CE4890091C496 /* iOSTodoAppTests.swift */; };
		FAA883F11E3CE4890091C496 /* iOSTodoAppUITests.swift in Sources */ = {isa = PBXBuildFile; fileRef = FAA883F01E3CE4890091C496 /* iOSTodoAppUITests.swift */; };
		FAA883FF1E3CF5AD0091C496 /* AddTodoController.swift in Sources */ = {isa = PBXBuildFile; fileRef = FAA883FE1E3CF5AD0091C496 /* AddTodoController.swift */; };
		FAA884051E3D12420091C496 /* Project.swift in Sources */ = {isa = PBXBuildFile; fileRef = FAA884041E3D12420091C496 /* Project.swift */; };
		FAA884071E3D124D0091C496 /* Todo.swift in Sources */ = {isa = PBXBuildFile; fileRef = FAA884061E3D124D0091C496 /* Todo.swift */; };
		FAA884091E3D19690091C496 /* TodoCell.swift in Sources */ = {isa = PBXBuildFile; fileRef = FAA884081E3D19690091C496 /* TodoCell.swift */; };
		FAA884121E3D3BA60091C496 /* M13Checkbox.m in Sources */ = {isa = PBXBuildFile; fileRef = FAA884111E3D3BA60091C496 /* M13Checkbox.m */; };
		FAA884501E3D69910091C496 /* Extentions.swift in Sources */ = {isa = PBXBuildFile; fileRef = FAA8844F1E3D69910091C496 /* Extentions.swift */; };
		FAA884531E3D78AB0091C496 /* HeaderCell.swift in Sources */ = {isa = PBXBuildFile; fileRef = FAA884511E3D78AB0091C496 /* HeaderCell.swift */; };
		FAA884541E3D78AB0091C496 /* HeaderCell.xib in Resources */ = {isa = PBXBuildFile; fileRef = FAA884521E3D78AB0091C496 /* HeaderCell.xib */; };
		FAA884561E3E12D40091C496 /* TodoTextCell.swift in Sources */ = {isa = PBXBuildFile; fileRef = FAA884551E3E12D40091C496 /* TodoTextCell.swift */; };
		FAA884581E3E17C50091C496 /* Protocols.swift in Sources */ = {isa = PBXBuildFile; fileRef = FAA884571E3E17C50091C496 /* Protocols.swift */; };
/* End PBXBuildFile section */

/* Begin PBXContainerItemProxy section */
		FAA883E21E3CE4890091C496 /* PBXContainerItemProxy */ = {
			isa = PBXContainerItemProxy;
			containerPortal = FAA883C51E3CE4890091C496 /* Project object */;
			proxyType = 1;
			remoteGlobalIDString = FAA883CC1E3CE4890091C496;
			remoteInfo = iOSTodoApp;
		};
		FAA883ED1E3CE4890091C496 /* PBXContainerItemProxy */ = {
			isa = PBXContainerItemProxy;
			containerPortal = FAA883C51E3CE4890091C496 /* Project object */;
			proxyType = 1;
			remoteGlobalIDString = FAA883CC1E3CE4890091C496;
			remoteInfo = iOSTodoApp;
		};
/* End PBXContainerItemProxy section */

/* Begin PBXFileReference section */
		57F5560DBD96832996D9182A /* Pods-iOSTodoApp.release.xcconfig */ = {isa = PBXFileReference; includeInIndex = 1; lastKnownFileType = text.xcconfig; name = "Pods-iOSTodoApp.release.xcconfig"; path = "Pods/Target Support Files/Pods-iOSTodoApp/Pods-iOSTodoApp.release.xcconfig"; sourceTree = "<group>"; };
		B96DE3D1F50FEF12980011FC /* Pods-iOSTodoApp.debug.xcconfig */ = {isa = PBXFileReference; includeInIndex = 1; lastKnownFileType = text.xcconfig; name = "Pods-iOSTodoApp.debug.xcconfig"; path = "Pods/Target Support Files/Pods-iOSTodoApp/Pods-iOSTodoApp.debug.xcconfig"; sourceTree = "<group>"; };
		E16D8C49605DE803EFB795A8 /* Pods_iOSTodoApp.framework */ = {isa = PBXFileReference; explicitFileType = wrapper.framework; includeInIndex = 0; path = Pods_iOSTodoApp.framework; sourceTree = BUILT_PRODUCTS_DIR; };
		FAA883CD1E3CE4890091C496 /* iOSTodoApp.app */ = {isa = PBXFileReference; explicitFileType = wrapper.application; includeInIndex = 0; path = iOSTodoApp.app; sourceTree = BUILT_PRODUCTS_DIR; };
		FAA883D01E3CE4890091C496 /* AppDelegate.swift */ = {isa = PBXFileReference; lastKnownFileType = sourcecode.swift; path = AppDelegate.swift; sourceTree = "<group>"; };
		FAA883D21E3CE4890091C496 /* TodosController.swift */ = {isa = PBXFileReference; lastKnownFileType = sourcecode.swift; path = TodosController.swift; sourceTree = "<group>"; };
		FAA883D51E3CE4890091C496 /* Base */ = {isa = PBXFileReference; lastKnownFileType = file.storyboard; name = Base; path = Base.lproj/Main.storyboard; sourceTree = "<group>"; };
		FAA883D71E3CE4890091C496 /* Assets.xcassets */ = {isa = PBXFileReference; lastKnownFileType = folder.assetcatalog; path = Assets.xcassets; sourceTree = "<group>"; };
		FAA883DA1E3CE4890091C496 /* Base */ = {isa = PBXFileReference; lastKnownFileType = file.storyboard; name = Base; path = Base.lproj/LaunchScreen.storyboard; sourceTree = "<group>"; };
		FAA883DC1E3CE4890091C496 /* Info.plist */ = {isa = PBXFileReference; lastKnownFileType = text.plist.xml; path = Info.plist; sourceTree = "<group>"; };
		FAA883E11E3CE4890091C496 /* iOSTodoAppTests.xctest */ = {isa = PBXFileReference; explicitFileType = wrapper.cfbundle; includeInIndex = 0; path = iOSTodoAppTests.xctest; sourceTree = BUILT_PRODUCTS_DIR; };
		FAA883E51E3CE4890091C496 /* iOSTodoAppTests.swift */ = {isa = PBXFileReference; lastKnownFileType = sourcecode.swift; path = iOSTodoAppTests.swift; sourceTree = "<group>"; };
		FAA883E71E3CE4890091C496 /* Info.plist */ = {isa = PBXFileReference; lastKnownFileType = text.plist.xml; path = Info.plist; sourceTree = "<group>"; };
		FAA883EC1E3CE4890091C496 /* iOSTodoAppUITests.xctest */ = {isa = PBXFileReference; explicitFileType = wrapper.cfbundle; includeInIndex = 0; path = iOSTodoAppUITests.xctest; sourceTree = BUILT_PRODUCTS_DIR; };
		FAA883F01E3CE4890091C496 /* iOSTodoAppUITests.swift */ = {isa = PBXFileReference; lastKnownFileType = sourcecode.swift; path = iOSTodoAppUITests.swift; sourceTree = "<group>"; };
		FAA883F21E3CE4890091C496 /* Info.plist */ = {isa = PBXFileReference; lastKnownFileType = text.plist.xml; path = Info.plist; sourceTree = "<group>"; };
		FAA883FE1E3CF5AD0091C496 /* AddTodoController.swift */ = {isa = PBXFileReference; fileEncoding = 4; lastKnownFileType = sourcecode.swift; path = AddTodoController.swift; sourceTree = "<group>"; };
		FAA884041E3D12420091C496 /* Project.swift */ = {isa = PBXFileReference; fileEncoding = 4; lastKnownFileType = sourcecode.swift; path = Project.swift; sourceTree = "<group>"; };
		FAA884061E3D124D0091C496 /* Todo.swift */ = {isa = PBXFileReference; fileEncoding = 4; lastKnownFileType = sourcecode.swift; path = Todo.swift; sourceTree = "<group>"; };
		FAA884081E3D19690091C496 /* TodoCell.swift */ = {isa = PBXFileReference; fileEncoding = 4; lastKnownFileType = sourcecode.swift; path = TodoCell.swift; sourceTree = "<group>"; };
		FAA8840B1E3D1DD00091C496 /* iOSTodoApp-Bridging-Header.h */ = {isa = PBXFileReference; lastKnownFileType = sourcecode.c.h; path = "iOSTodoApp-Bridging-Header.h"; sourceTree = "<group>"; };
		FAA884101E3D3BA60091C496 /* M13Checkbox.h */ = {isa = PBXFileReference; fileEncoding = 4; lastKnownFileType = sourcecode.c.h; path = M13Checkbox.h; sourceTree = "<group>"; };
		FAA884111E3D3BA60091C496 /* M13Checkbox.m */ = {isa = PBXFileReference; fileEncoding = 4; lastKnownFileType = sourcecode.c.objc; path = M13Checkbox.m; sourceTree = "<group>"; };
		FAA8844F1E3D69910091C496 /* Extentions.swift */ = {isa = PBXFileReference; fileEncoding = 4; lastKnownFileType = sourcecode.swift; path = Extentions.swift; sourceTree = "<group>"; };
		FAA884511E3D78AB0091C496 /* HeaderCell.swift */ = {isa = PBXFileReference; fileEncoding = 4; lastKnownFileType = sourcecode.swift; path = HeaderCell.swift; sourceTree = "<group>"; };
		FAA884521E3D78AB0091C496 /* HeaderCell.xib */ = {isa = PBXFileReference; fileEncoding = 4; lastKnownFileType = file.xib; path = HeaderCell.xib; sourceTree = "<group>"; };
		FAA884551E3E12D40091C496 /* TodoTextCell.swift */ = {isa = PBXFileReference; fileEncoding = 4; lastKnownFileType = sourcecode.swift; path = TodoTextCell.swift; sourceTree = "<group>"; };
		FAA884571E3E17C50091C496 /* Protocols.swift */ = {isa = PBXFileReference; fileEncoding = 4; lastKnownFileType = sourcecode.swift; path = Protocols.swift; sourceTree = "<group>"; };
/* End PBXFileReference section */

/* Begin PBXFrameworksBuildPhase section */
		FAA883CA1E3CE4890091C496 /* Frameworks */ = {
			isa = PBXFrameworksBuildPhase;
			buildActionMask = 2147483647;
			files = (
				7B695B040EBB5AD81B383E4D /* Pods_iOSTodoApp.framework in Frameworks */,
			);
			runOnlyForDeploymentPostprocessing = 0;
		};
		FAA883DE1E3CE4890091C496 /* Frameworks */ = {
			isa = PBXFrameworksBuildPhase;
			buildActionMask = 2147483647;
			files = (
			);
			runOnlyForDeploymentPostprocessing = 0;
		};
		FAA883E91E3CE4890091C496 /* Frameworks */ = {
			isa = PBXFrameworksBuildPhase;
			buildActionMask = 2147483647;
			files = (
			);
			runOnlyForDeploymentPostprocessing = 0;
		};
/* End PBXFrameworksBuildPhase section */

/* Begin PBXGroup section */
		9918F08D489866359EE58C6D /* Pods */ = {
			isa = PBXGroup;
			children = (
				B96DE3D1F50FEF12980011FC /* Pods-iOSTodoApp.debug.xcconfig */,
				57F5560DBD96832996D9182A /* Pods-iOSTodoApp.release.xcconfig */,
			);
			name = Pods;
			sourceTree = "<group>";
		};
		B2592CC27818EC7A0586B3EB /* Frameworks */ = {
			isa = PBXGroup;
			children = (
				E16D8C49605DE803EFB795A8 /* Pods_iOSTodoApp.framework */,
			);
			name = Frameworks;
			sourceTree = "<group>";
		};
		FAA883C41E3CE4890091C496 = {
			isa = PBXGroup;
			children = (
				FAA883CF1E3CE4890091C496 /* iOSTodoApp */,
				FAA883E41E3CE4890091C496 /* iOSTodoAppTests */,
				FAA883EF1E3CE4890091C496 /* iOSTodoAppUITests */,
				FAA883CE1E3CE4890091C496 /* Products */,
				9918F08D489866359EE58C6D /* Pods */,
				B2592CC27818EC7A0586B3EB /* Frameworks */,
			);
			sourceTree = "<group>";
		};
		FAA883CE1E3CE4890091C496 /* Products */ = {
			isa = PBXGroup;
			children = (
				FAA883CD1E3CE4890091C496 /* iOSTodoApp.app */,
				FAA883E11E3CE4890091C496 /* iOSTodoAppTests.xctest */,
				FAA883EC1E3CE4890091C496 /* iOSTodoAppUITests.xctest */,
			);
			name = Products;
			sourceTree = "<group>";
		};
		FAA883CF1E3CE4890091C496 /* iOSTodoApp */ = {
			isa = PBXGroup;
			children = (
				FAA883D01E3CE4890091C496 /* AppDelegate.swift */,
				FAA884031E3D12170091C496 /* Models */,
				FAA884021E3D12020091C496 /* Controllers */,
				FAA884011E3D11EF0091C496 /* Views */,
				FAA8840A1E3D1DA00091C496 /* Util */,
				FAA883D71E3CE4890091C496 /* Assets.xcassets */,
				FAA883D91E3CE4890091C496 /* LaunchScreen.storyboard */,
				FAA883DC1E3CE4890091C496 /* Info.plist */,
			);
			path = iOSTodoApp;
			sourceTree = "<group>";
		};
		FAA883E41E3CE4890091C496 /* iOSTodoAppTests */ = {
			isa = PBXGroup;
			children = (
				FAA883E51E3CE4890091C496 /* iOSTodoAppTests.swift */,
				FAA883E71E3CE4890091C496 /* Info.plist */,
			);
			path = iOSTodoAppTests;
			sourceTree = "<group>";
		};
		FAA883EF1E3CE4890091C496 /* iOSTodoAppUITests */ = {
			isa = PBXGroup;
			children = (
				FAA883F01E3CE4890091C496 /* iOSTodoAppUITests.swift */,
				FAA883F21E3CE4890091C496 /* Info.plist */,
			);
			path = iOSTodoAppUITests;
			sourceTree = "<group>";
		};
		FAA884011E3D11EF0091C496 /* Views */ = {
			isa = PBXGroup;
			children = (
				FAA883D41E3CE4890091C496 /* Main.storyboard */,
				FAA884081E3D19690091C496 /* TodoCell.swift */,
				FAA884551E3E12D40091C496 /* TodoTextCell.swift */,
				FAA884511E3D78AB0091C496 /* HeaderCell.swift */,
				FAA884521E3D78AB0091C496 /* HeaderCell.xib */,
			);
			name = Views;
			sourceTree = "<group>";
		};
		FAA884021E3D12020091C496 /* Controllers */ = {
			isa = PBXGroup;
			children = (
				FAA883D21E3CE4890091C496 /* TodosController.swift */,
				FAA883FE1E3CF5AD0091C496 /* AddTodoController.swift */,
			);
			name = Controllers;
			sourceTree = "<group>";
		};
		FAA884031E3D12170091C496 /* Models */ = {
			isa = PBXGroup;
			children = (
				FAA884041E3D12420091C496 /* Project.swift */,
				FAA884061E3D124D0091C496 /* Todo.swift */,
			);
			name = Models;
			sourceTree = "<group>";
		};
		FAA8840A1E3D1DA00091C496 /* Util */ = {
			isa = PBXGroup;
			children = (
				FAA884101E3D3BA60091C496 /* M13Checkbox.h */,
				FAA884111E3D3BA60091C496 /* M13Checkbox.m */,
				FAA8840B1E3D1DD00091C496 /* iOSTodoApp-Bridging-Header.h */,
				FAA8844F1E3D69910091C496 /* Extentions.swift */,
				FAA884571E3E17C50091C496 /* Protocols.swift */,
			);
			name = Util;
			sourceTree = "<group>";
		};
/* End PBXGroup section */

/* Begin PBXNativeTarget section */
		FAA883CC1E3CE4890091C496 /* iOSTodoApp */ = {
			isa = PBXNativeTarget;
			buildConfigurationList = FAA883F51E3CE4890091C496 /* Build configuration list for PBXNativeTarget "iOSTodoApp" */;
			buildPhases = (
				4C01A4F090922D0A0522CED7 /* [CP] Check Pods Manifest.lock */,
				FAA883C91E3CE4890091C496 /* Sources */,
				FAA883CA1E3CE4890091C496 /* Frameworks */,
				FAA883CB1E3CE4890091C496 /* Resources */,
				AE05A8A127F92703F95D47DA /* [CP] Embed Pods Frameworks */,
				F3AC7360E770A5E2F2C7E6A5 /* [CP] Copy Pods Resources */,
			);
			buildRules = (
			);
			dependencies = (
			);
			name = iOSTodoApp;
			productName = iOSTodoApp;
			productReference = FAA883CD1E3CE4890091C496 /* iOSTodoApp.app */;
			productType = "com.apple.product-type.application";
		};
		FAA883E01E3CE4890091C496 /* iOSTodoAppTests */ = {
			isa = PBXNativeTarget;
			buildConfigurationList = FAA883F81E3CE48A0091C496 /* Build configuration list for PBXNativeTarget "iOSTodoAppTests" */;
			buildPhases = (
				FAA883DD1E3CE4890091C496 /* Sources */,
				FAA883DE1E3CE4890091C496 /* Frameworks */,
				FAA883DF1E3CE4890091C496 /* Resources */,
			);
			buildRules = (
			);
			dependencies = (
				FAA883E31E3CE4890091C496 /* PBXTargetDependency */,
			);
			name = iOSTodoAppTests;
			productName = iOSTodoAppTests;
			productReference = FAA883E11E3CE4890091C496 /* iOSTodoAppTests.xctest */;
			productType = "com.apple.product-type.bundle.unit-test";
		};
		FAA883EB1E3CE4890091C496 /* iOSTodoAppUITests */ = {
			isa = PBXNativeTarget;
			buildConfigurationList = FAA883FB1E3CE48A0091C496 /* Build configuration list for PBXNativeTarget "iOSTodoAppUITests" */;
			buildPhases = (
				FAA883E81E3CE4890091C496 /* Sources */,
				FAA883E91E3CE4890091C496 /* Frameworks */,
				FAA883EA1E3CE4890091C496 /* Resources */,
			);
			buildRules = (
			);
			dependencies = (
				FAA883EE1E3CE4890091C496 /* PBXTargetDependency */,
			);
			name = iOSTodoAppUITests;
			productName = iOSTodoAppUITests;
			productReference = FAA883EC1E3CE4890091C496 /* iOSTodoAppUITests.xctest */;
			productType = "com.apple.product-type.bundle.ui-testing";
		};
/* End PBXNativeTarget section */

/* Begin PBXProject section */
		FAA883C51E3CE4890091C496 /* Project object */ = {
			isa = PBXProject;
			attributes = {
				LastSwiftUpdateCheck = 0820;
				LastUpgradeCheck = 0820;
				ORGANIZATIONNAME = "Александр Смоленский";
				TargetAttributes = {
					FAA883CC1E3CE4890091C496 = {
						CreatedOnToolsVersion = 8.2.1;
						DevelopmentTeam = XC3Q2BB5B9;
						LastSwiftMigration = 0820;
						ProvisioningStyle = Automatic;
					};
					FAA883E01E3CE4890091C496 = {
						CreatedOnToolsVersion = 8.2.1;
						DevelopmentTeam = XC3Q2BB5B9;
						ProvisioningStyle = Automatic;
						TestTargetID = FAA883CC1E3CE4890091C496;
					};
					FAA883EB1E3CE4890091C496 = {
						CreatedOnToolsVersion = 8.2.1;
						DevelopmentTeam = XC3Q2BB5B9;
						ProvisioningStyle = Automatic;
						TestTargetID = FAA883CC1E3CE4890091C496;
					};
				};
			};
			buildConfigurationList = FAA883C81E3CE4890091C496 /* Build configuration list for PBXProject "iOSTodoApp" */;
			compatibilityVersion = "Xcode 3.2";
			developmentRegion = English;
			hasScannedForEncodings = 0;
			knownRegions = (
				en,
				Base,
			);
			mainGroup = FAA883C41E3CE4890091C496;
			productRefGroup = FAA883CE1E3CE4890091C496 /* Products */;
			projectDirPath = "";
			projectRoot = "";
			targets = (
				FAA883CC1E3CE4890091C496 /* iOSTodoApp */,
				FAA883E01E3CE4890091C496 /* iOSTodoAppTests */,
				FAA883EB1E3CE4890091C496 /* iOSTodoAppUITests */,
			);
		};
/* End PBXProject section */

/* Begin PBXResourcesBuildPhase section */
		FAA883CB1E3CE4890091C496 /* Resources */ = {
			isa = PBXResourcesBuildPhase;
			buildActionMask = 2147483647;
			files = (
				FAA884541E3D78AB0091C496 /* HeaderCell.xib in Resources */,
				FAA883DB1E3CE4890091C496 /* LaunchScreen.storyboard in Resources */,
				FAA883D81E3CE4890091C496 /* Assets.xcassets in Resources */,
				FAA883D61E3CE4890091C496 /* Main.storyboard in Resources */,
			);
			runOnlyForDeploymentPostprocessing = 0;
		};
		FAA883DF1E3CE4890091C496 /* Resources */ = {
			isa = PBXResourcesBuildPhase;
			buildActionMask = 2147483647;
			files = (
			);
			runOnlyForDeploymentPostprocessing = 0;
		};
		FAA883EA1E3CE4890091C496 /* Resources */ = {
			isa = PBXResourcesBuildPhase;
			buildActionMask = 2147483647;
			files = (
			);
			runOnlyForDeploymentPostprocessing = 0;
		};
/* End PBXResourcesBuildPhase section */

/* Begin PBXShellScriptBuildPhase section */
		4C01A4F090922D0A0522CED7 /* [CP] Check Pods Manifest.lock */ = {
			isa = PBXShellScriptBuildPhase;
			buildActionMask = 2147483647;
			files = (
			);
			inputPaths = (
			);
			name = "[CP] Check Pods Manifest.lock";
			outputPaths = (
			);
			runOnlyForDeploymentPostprocessing = 0;
			shellPath = /bin/sh;
			shellScript = "diff \"${PODS_ROOT}/../Podfile.lock\" \"${PODS_ROOT}/Manifest.lock\" > /dev/null\nif [ $? != 0 ] ; then\n    # print error to STDERR\n    echo \"error: The sandbox is not in sync with the Podfile.lock. Run 'pod install' or update your CocoaPods installation.\" >&2\n    exit 1\nfi\n";
			showEnvVarsInLog = 0;
		};
		AE05A8A127F92703F95D47DA /* [CP] Embed Pods Frameworks */ = {
			isa = PBXShellScriptBuildPhase;
			buildActionMask = 2147483647;
			files = (
			);
			inputPaths = (
			);
			name = "[CP] Embed Pods Frameworks";
			outputPaths = (
			);
			runOnlyForDeploymentPostprocessing = 0;
			shellPath = /bin/sh;
			shellScript = "\"${SRCROOT}/Pods/Target Support Files/Pods-iOSTodoApp/Pods-iOSTodoApp-frameworks.sh\"\n";
			showEnvVarsInLog = 0;
		};
		F3AC7360E770A5E2F2C7E6A5 /* [CP] Copy Pods Resources */ = {
			isa = PBXShellScriptBuildPhase;
			buildActionMask = 2147483647;
			files = (
			);
			inputPaths = (
			);
			name = "[CP] Copy Pods Resources";
			outputPaths = (
			);
			runOnlyForDeploymentPostprocessing = 0;
			shellPath = /bin/sh;
			shellScript = "\"${SRCROOT}/Pods/Target Support Files/Pods-iOSTodoApp/Pods-iOSTodoApp-resources.sh\"\n";
			showEnvVarsInLog = 0;
		};
/* End PBXShellScriptBuildPhase section */

/* Begin PBXSourcesBuildPhase section */
		FAA883C91E3CE4890091C496 /* Sources */ = {
			isa = PBXSourcesBuildPhase;
			buildActionMask = 2147483647;
			files = (
				FAA883D31E3CE4890091C496 /* TodosController.swift in Sources */,
				FAA884091E3D19690091C496 /* TodoCell.swift in Sources */,
				FAA883D11E3CE4890091C496 /* AppDelegate.swift in Sources */,
				FAA884581E3E17C50091C496 /* Protocols.swift in Sources */,
				FAA883FF1E3CF5AD0091C496 /* AddTodoController.swift in Sources */,
				FAA884531E3D78AB0091C496 /* HeaderCell.swift in Sources */,
				FAA884501E3D69910091C496 /* Extentions.swift in Sources */,
				FAA884561E3E12D40091C496 /* TodoTextCell.swift in Sources */,
				FAA884051E3D12420091C496 /* Project.swift in Sources */,
				FAA884121E3D3BA60091C496 /* M13Checkbox.m in Sources */,
				FAA884071E3D124D0091C496 /* Todo.swift in Sources */,
			);
			runOnlyForDeploymentPostprocessing = 0;
		};
		FAA883DD1E3CE4890091C496 /* Sources */ = {
			isa = PBXSourcesBuildPhase;
			buildActionMask = 2147483647;
			files = (
				FAA883E61E3CE4890091C496 /* iOSTodoAppTests.swift in Sources */,
			);
			runOnlyForDeploymentPostprocessing = 0;
		};
		FAA883E81E3CE4890091C496 /* Sources */ = {
			isa = PBXSourcesBuildPhase;
			buildActionMask = 2147483647;
			files = (
				FAA883F11E3CE4890091C496 /* iOSTodoAppUITests.swift in Sources */,
			);
			runOnlyForDeploymentPostprocessing = 0;
		};
/* End PBXSourcesBuildPhase section */

/* Begin PBXTargetDependency section */
		FAA883E31E3CE4890091C496 /* PBXTargetDependency */ = {
			isa = PBXTargetDependency;
			target = FAA883CC1E3CE4890091C496 /* iOSTodoApp */;
			targetProxy = FAA883E21E3CE4890091C496 /* PBXContainerItemProxy */;
		};
		FAA883EE1E3CE4890091C496 /* PBXTargetDependency */ = {
			isa = PBXTargetDependency;
			target = FAA883CC1E3CE4890091C496 /* iOSTodoApp */;
			targetProxy = FAA883ED1E3CE4890091C496 /* PBXContainerItemProxy */;
		};
/* End PBXTargetDependency section */

/* Begin PBXVariantGroup section */
		FAA883D41E3CE4890091C496 /* Main.storyboard */ = {
			isa = PBXVariantGroup;
			children = (
				FAA883D51E3CE4890091C496 /* Base */,
			);
			name = Main.storyboard;
			sourceTree = "<group>";
		};
		FAA883D91E3CE4890091C496 /* LaunchScreen.storyboard */ = {
			isa = PBXVariantGroup;
			children = (
				FAA883DA1E3CE4890091C496 /* Base */,
			);
			name = LaunchScreen.storyboard;
			sourceTree = "<group>";
		};
/* End PBXVariantGroup section */

/* Begin XCBuildConfiguration section */
		FAA883F31E3CE4890091C496 /* Debug */ = {
			isa = XCBuildConfiguration;
			buildSettings = {
				ALWAYS_SEARCH_USER_PATHS = NO;
				CLANG_ANALYZER_NONNULL = YES;
				CLANG_CXX_LANGUAGE_STANDARD = "gnu++0x";
				CLANG_CXX_LIBRARY = "libc++";
				CLANG_ENABLE_MODULES = YES;
				CLANG_ENABLE_OBJC_ARC = YES;
				CLANG_WARN_BOOL_CONVERSION = YES;
				CLANG_WARN_CONSTANT_CONVERSION = YES;
				CLANG_WARN_DIRECT_OBJC_ISA_USAGE = YES_ERROR;
				CLANG_WARN_DOCUMENTATION_COMMENTS = YES;
				CLANG_WARN_EMPTY_BODY = YES;
				CLANG_WARN_ENUM_CONVERSION = YES;
				CLANG_WARN_INFINITE_RECURSION = YES;
				CLANG_WARN_INT_CONVERSION = YES;
				CLANG_WARN_OBJC_ROOT_CLASS = YES_ERROR;
				CLANG_WARN_SUSPICIOUS_MOVE = YES;
				CLANG_WARN_UNREACHABLE_CODE = YES;
				CLANG_WARN__DUPLICATE_METHOD_MATCH = YES;
				"CODE_SIGN_IDENTITY[sdk=iphoneos*]" = "iPhone Developer";
				COPY_PHASE_STRIP = NO;
				DEBUG_INFORMATION_FORMAT = dwarf;
				ENABLE_STRICT_OBJC_MSGSEND = YES;
				ENABLE_TESTABILITY = YES;
				GCC_C_LANGUAGE_STANDARD = gnu99;
				GCC_DYNAMIC_NO_PIC = NO;
				GCC_NO_COMMON_BLOCKS = YES;
				GCC_OPTIMIZATION_LEVEL = 0;
				GCC_PREPROCESSOR_DEFINITIONS = (
					"DEBUG=1",
					"$(inherited)",
				);
				GCC_WARN_64_TO_32_BIT_CONVERSION = YES;
				GCC_WARN_ABOUT_RETURN_TYPE = YES_ERROR;
				GCC_WARN_UNDECLARED_SELECTOR = YES;
				GCC_WARN_UNINITIALIZED_AUTOS = YES_AGGRESSIVE;
				GCC_WARN_UNUSED_FUNCTION = YES;
				GCC_WARN_UNUSED_VARIABLE = YES;
				IPHONEOS_DEPLOYMENT_TARGET = 10.2;
				MTL_ENABLE_DEBUG_INFO = YES;
				ONLY_ACTIVE_ARCH = YES;
				SDKROOT = iphoneos;
				SWIFT_ACTIVE_COMPILATION_CONDITIONS = DEBUG;
				SWIFT_OPTIMIZATION_LEVEL = "-Onone";
			};
			name = Debug;
		};
		FAA883F41E3CE4890091C496 /* Release */ = {
			isa = XCBuildConfiguration;
			buildSettings = {
				ALWAYS_SEARCH_USER_PATHS = NO;
				CLANG_ANALYZER_NONNULL = YES;
				CLANG_CXX_LANGUAGE_STANDARD = "gnu++0x";
				CLANG_CXX_LIBRARY = "libc++";
				CLANG_ENABLE_MODULES = YES;
				CLANG_ENABLE_OBJC_ARC = YES;
				CLANG_WARN_BOOL_CONVERSION = YES;
				CLANG_WARN_CONSTANT_CONVERSION = YES;
				CLANG_WARN_DIRECT_OBJC_ISA_USAGE = YES_ERROR;
				CLANG_WARN_DOCUMENTATION_COMMENTS = YES;
				CLANG_WARN_EMPTY_BODY = YES;
				CLANG_WARN_ENUM_CONVERSION = YES;
				CLANG_WARN_INFINITE_RECURSION = YES;
				CLANG_WARN_INT_CONVERSION = YES;
				CLANG_WARN_OBJC_ROOT_CLASS = YES_ERROR;
				CLANG_WARN_SUSPICIOUS_MOVE = YES;
				CLANG_WARN_UNREACHABLE_CODE = YES;
				CLANG_WARN__DUPLICATE_METHOD_MATCH = YES;
				"CODE_SIGN_IDENTITY[sdk=iphoneos*]" = "iPhone Developer";
				COPY_PHASE_STRIP = NO;
				DEBUG_INFORMATION_FORMAT = "dwarf-with-dsym";
				ENABLE_NS_ASSERTIONS = NO;
				ENABLE_STRICT_OBJC_MSGSEND = YES;
				GCC_C_LANGUAGE_STANDARD = gnu99;
				GCC_NO_COMMON_BLOCKS = YES;
				GCC_WARN_64_TO_32_BIT_CONVERSION = YES;
				GCC_WARN_ABOUT_RETURN_TYPE = YES_ERROR;
				GCC_WARN_UNDECLARED_SELECTOR = YES;
				GCC_WARN_UNINITIALIZED_AUTOS = YES_AGGRESSIVE;
				GCC_WARN_UNUSED_FUNCTION = YES;
				GCC_WARN_UNUSED_VARIABLE = YES;
				IPHONEOS_DEPLOYMENT_TARGET = 10.2;
				MTL_ENABLE_DEBUG_INFO = NO;
				SDKROOT = iphoneos;
				SWIFT_OPTIMIZATION_LEVEL = "-Owholemodule";
				VALIDATE_PRODUCT = YES;
			};
			name = Release;
		};
		FAA883F61E3CE4890091C496 /* Debug */ = {
			isa = XCBuildConfiguration;
			baseConfigurationReference = B96DE3D1F50FEF12980011FC /* Pods-iOSTodoApp.debug.xcconfig */;
			buildSettings = {
				ASSETCATALOG_COMPILER_APPICON_NAME = AppIcon;
				CLANG_ENABLE_MODULES = YES;
				DEVELOPMENT_TEAM = XC3Q2BB5B9;
				INFOPLIST_FILE = iOSTodoApp/Info.plist;
				LD_RUNPATH_SEARCH_PATHS = "$(inherited) @executable_path/Frameworks";
				PRODUCT_BUNDLE_IDENTIFIER = astrolka.iOSTodoApp;
				PRODUCT_NAME = "$(TARGET_NAME)";
				SWIFT_OBJC_BRIDGING_HEADER = "iOSTodoApp/iOSTodoApp-Bridging-Header.h";
				SWIFT_OPTIMIZATION_LEVEL = "-Onone";
				SWIFT_VERSION = 3.0;
				TARGETED_DEVICE_FAMILY = 1;
			};
			name = Debug;
		};
		FAA883F71E3CE4890091C496 /* Release */ = {
			isa = XCBuildConfiguration;
			baseConfigurationReference = 57F5560DBD96832996D9182A /* Pods-iOSTodoApp.release.xcconfig */;
			buildSettings = {
				ASSETCATALOG_COMPILER_APPICON_NAME = AppIcon;
				CLANG_ENABLE_MODULES = YES;
				DEVELOPMENT_TEAM = XC3Q2BB5B9;
				INFOPLIST_FILE = iOSTodoApp/Info.plist;
				LD_RUNPATH_SEARCH_PATHS = "$(inherited) @executable_path/Frameworks";
				PRODUCT_BUNDLE_IDENTIFIER = astrolka.iOSTodoApp;
				PRODUCT_NAME = "$(TARGET_NAME)";
				SWIFT_OBJC_BRIDGING_HEADER = "iOSTodoApp/iOSTodoApp-Bridging-Header.h";
				SWIFT_VERSION = 3.0;
				TARGETED_DEVICE_FAMILY = 1;
			};
			name = Release;
		};
		FAA883F91E3CE48A0091C496 /* Debug */ = {
			isa = XCBuildConfiguration;
			buildSettings = {
				ALWAYS_EMBED_SWIFT_STANDARD_LIBRARIES = YES;
				BUNDLE_LOADER = "$(TEST_HOST)";
				DEVELOPMENT_TEAM = XC3Q2BB5B9;
				INFOPLIST_FILE = iOSTodoAppTests/Info.plist;
				LD_RUNPATH_SEARCH_PATHS = "$(inherited) @executable_path/Frameworks @loader_path/Frameworks";
				PRODUCT_BUNDLE_IDENTIFIER = astrolka.iOSTodoAppTests;
				PRODUCT_NAME = "$(TARGET_NAME)";
				SWIFT_VERSION = 3.0;
				TEST_HOST = "$(BUILT_PRODUCTS_DIR)/iOSTodoApp.app/iOSTodoApp";
			};
			name = Debug;
		};
		FAA883FA1E3CE48A0091C496 /* Release */ = {
			isa = XCBuildConfiguration;
			buildSettings = {
				ALWAYS_EMBED_SWIFT_STANDARD_LIBRARIES = YES;
				BUNDLE_LOADER = "$(TEST_HOST)";
				DEVELOPMENT_TEAM = XC3Q2BB5B9;
				INFOPLIST_FILE = iOSTodoAppTests/Info.plist;
				LD_RUNPATH_SEARCH_PATHS = "$(inherited) @executable_path/Frameworks @loader_path/Frameworks";
				PRODUCT_BUNDLE_IDENTIFIER = astrolka.iOSTodoAppTests;
				PRODUCT_NAME = "$(TARGET_NAME)";
				SWIFT_VERSION = 3.0;
				TEST_HOST = "$(BUILT_PRODUCTS_DIR)/iOSTodoApp.app/iOSTodoApp";
			};
			name = Release;
		};
		FAA883FC1E3CE48A0091C496 /* Debug */ = {
			isa = XCBuildConfiguration;
			buildSettings = {
				ALWAYS_EMBED_SWIFT_STANDARD_LIBRARIES = YES;
				DEVELOPMENT_TEAM = XC3Q2BB5B9;
				INFOPLIST_FILE = iOSTodoAppUITests/Info.plist;
				LD_RUNPATH_SEARCH_PATHS = "$(inherited) @executable_path/Frameworks @loader_path/Frameworks";
				PRODUCT_BUNDLE_IDENTIFIER = astrolka.iOSTodoAppUITests;
				PRODUCT_NAME = "$(TARGET_NAME)";
				SWIFT_VERSION = 3.0;
				TEST_TARGET_NAME = iOSTodoApp;
			};
			name = Debug;
		};
		FAA883FD1E3CE48A0091C496 /* Release */ = {
			isa = XCBuildConfiguration;
			buildSettings = {
				ALWAYS_EMBED_SWIFT_STANDARD_LIBRARIES = YES;
				DEVELOPMENT_TEAM = XC3Q2BB5B9;
				INFOPLIST_FILE = iOSTodoAppUITests/Info.plist;
				LD_RUNPATH_SEARCH_PATHS = "$(inherited) @executable_path/Frameworks @loader_path/Frameworks";
				PRODUCT_BUNDLE_IDENTIFIER = astrolka.iOSTodoAppUITests;
				PRODUCT_NAME = "$(TARGET_NAME)";
				SWIFT_VERSION = 3.0;
				TEST_TARGET_NAME = iOSTodoApp;
			};
			name = Release;
		};
/* End XCBuildConfiguration section */

/* Begin XCConfigurationList section */
		FAA883C81E3CE4890091C496 /* Build configuration list for PBXProject "iOSTodoApp" */ = {
			isa = XCConfigurationList;
			buildConfigurations = (
				FAA883F31E3CE4890091C496 /* Debug */,
				FAA883F41E3CE4890091C496 /* Release */,
			);
			defaultConfigurationIsVisible = 0;
			defaultConfigurationName = Release;
		};
		FAA883F51E3CE4890091C496 /* Build configuration list for PBXNativeTarget "iOSTodoApp" */ = {
			isa = XCConfigurationList;
			buildConfigurations = (
				FAA883F61E3CE4890091C496 /* Debug */,
				FAA883F71E3CE4890091C496 /* Release */,
			);
			defaultConfigurationIsVisible = 0;
			defaultConfigurationName = Release;
		};
		FAA883F81E3CE48A0091C496 /* Build configuration list for PBXNativeTarget "iOSTodoAppTests" */ = {
			isa = XCConfigurationList;
			buildConfigurations = (
				FAA883F91E3CE48A0091C496 /* Debug */,
				FAA883FA1E3CE48A0091C496 /* Release */,
			);
			defaultConfigurationIsVisible = 0;
			defaultConfigurationName = Release;
		};
		FAA883FB1E3CE48A0091C496 /* Build configuration list for PBXNativeTarget "iOSTodoAppUITests" */ = {
			isa = XCConfigurationList;
			buildConfigurations = (
				FAA883FC1E3CE48A0091C496 /* Debug */,
				FAA883FD1E3CE48A0091C496 /* Release */,
			);
			defaultConfigurationIsVisible = 0;
			defaultConfigurationName = Release;
		};
/* End XCConfigurationList section */
	};
	rootObject = FAA883C51E3CE4890091C496 /* Project object */;
}
